
Microsoft Visual Studio Solution File, Format Version 12.00
# Visual Studio Version 17
VisualStudioVersion = 17.13.35931.197 d17.13
MinimumVisualStudioVersion = 10.0.40219.1
Project("{FAE04EC0-301F-11D3-BF4B-00C04F79EFBC}") = "EvaluacionGitHub", "EvaluacionGitHub\EvaluacionGitHub.csproj", "{15656C49-E3BB-430E-B27B-64A4187BA227}"
EndProject
Global
	GlobalSection(SolutionConfigurationPlatforms) = preSolution
		Debug|Any CPU = Debug|Any CPU
		Release|Any CPU = Release|Any CPU
	EndGlobalSection
	GlobalSection(ProjectConfigurationPlatforms) = postSolution
		{15656C49-E3BB-430E-B27B-64A4187BA227}.Debug|Any CPU.ActiveCfg = Debug|Any CPU
		{15656C49-E3BB-430E-B27B-64A4187BA227}.Debug|Any CPU.Build.0 = Debug|Any CPU
		{15656C49-E3BB-430E-B27B-64A4187BA227}.Release|Any CPU.ActiveCfg = Release|Any CPU
		{15656C49-E3BB-430E-B27B-64A4187BA227}.Release|Any CPU.Build.0 = Release|Any CPU
	EndGlobalSection
	GlobalSection(SolutionProperties) = preSolution
		HideSolutionNode = FALSE
	EndGlobalSection
	GlobalSection(ExtensibilityGlobals) = postSolution
		SolutionGuid = {387273E4-44ED-4919-AF93-5A97EEB779A7}
	EndGlobalSection
EndGlobal
